[[package]]
name = "atomicwrites"
version = "1.4.1"
description = "Atomic file writes."
category = "dev"
optional = false
python-versions = ">=2.7, !=3.0.*, !=3.1.*, !=3.2.*, !=3.3.*"

[[package]]
name = "attrs"
version = "21.4.0"
description = "Classes Without Boilerplate"
category = "dev"
optional = false
python-versions = ">=2.7, !=3.0.*, !=3.1.*, !=3.2.*, !=3.3.*, !=3.4.*"

[package.extras]
dev = ["coverage[toml] (>=5.0.2)", "hypothesis", "pympler", "pytest (>=4.3.0)", "six", "mypy", "pytest-mypy-plugins", "zope.interface", "furo", "sphinx", "sphinx-notfound-page", "pre-commit", "cloudpickle"]
docs = ["furo", "sphinx", "zope.interface", "sphinx-notfound-page"]
tests = ["coverage[toml] (>=5.0.2)", "hypothesis", "pympler", "pytest (>=4.3.0)", "six", "mypy", "pytest-mypy-plugins", "zope.interface", "cloudpickle"]
tests_no_zope = ["coverage[toml] (>=5.0.2)", "hypothesis", "pympler", "pytest (>=4.3.0)", "six", "mypy", "pytest-mypy-plugins", "cloudpickle"]

[[package]]
name = "colorama"
version = "0.4.5"
description = "Cross-platform colored terminal text."
category = "dev"
optional = false
python-versions = ">=2.7, !=3.0.*, !=3.1.*, !=3.2.*, !=3.3.*, !=3.4.*"

[[package]]
name = "cython"
version = "0.29.30"
description = "The Cython compiler for writing C extensions for the Python language."
category = "dev"
optional = false
python-versions = ">=2.6, !=3.0.*, !=3.1.*, !=3.2.*"

[[package]]
name = "iniconfig"
version = "1.1.1"
description = "iniconfig: brain-dead simple config-ini parsing"
category = "dev"
optional = false
python-versions = "*"

[[package]]
name = "numpy"
version = "1.23.1"
description = "NumPy is the fundamental package for array computing with Python."
category = "main"
optional = false
python-versions = ">=3.8"

[[package]]
name = "packaging"
version = "21.3"
description = "Core utilities for Python packages"
category = "dev"
optional = false
python-versions = ">=3.6"

[package.dependencies]
pyparsing = ">=2.0.2,<3.0.5 || >3.0.5"

[[package]]
name = "pluggy"
version = "1.0.0"
description = "plugin and hook calling mechanisms for python"
category = "dev"
optional = false
python-versions = ">=3.6"

[package.extras]
testing = ["pytest-benchmark", "pytest"]
dev = ["tox", "pre-commit"]

[[package]]
name = "py"
version = "1.11.0"
description = "library with cross-python path, ini-parsing, io, code, log facilities"
category = "dev"
optional = false
python-versions = ">=2.7, !=3.0.*, !=3.1.*, !=3.2.*, !=3.3.*, !=3.4.*"

[[package]]
name = "pyparsing"
version = "3.0.9"
description = "pyparsing module - Classes and methods to define and execute parsing grammars"
category = "dev"
optional = false
python-versions = ">=3.6.8"

[package.extras]
diagrams = ["railroad-diagrams", "jinja2"]

[[package]]
name = "pytest"
version = "7.1.2"
description = "pytest: simple powerful testing with Python"
category = "dev"
optional = false
python-versions = ">=3.7"

[package.dependencies]
atomicwrites = {version = ">=1.0", markers = "sys_platform == \"win32\""}
attrs = ">=19.2.0"
colorama = {version = "*", markers = "sys_platform == \"win32\""}
iniconfig = "*"
packaging = "*"
pluggy = ">=0.12,<2.0"
py = ">=1.8.2"
tomli = ">=1.0.0"

[package.extras]
testing = ["argcomplete", "hypothesis (>=3.56)", "mock", "nose", "pygments (>=2.7.2)", "requests", "xmlschema"]

[[package]]
name = "tomli"
version = "2.0.1"
description = "A lil' TOML parser"
category = "dev"
optional = false
python-versions = ">=3.7"

[metadata]
lock-version = "1.1"
python-versions = ">=3.8"
content-hash = "d35cb23db609c91c43b60b8170457ca1223bf5095d661c41b89ba2d9a4564199"

[metadata.files]
atomicwrites = [
    {file = "atomicwrites-1.4.1.tar.gz", hash = "sha256:81b2c9071a49367a7f770170e5eec8cb66567cfbbc8c73d20ce5ca4a8d71cf11"},
]
attrs = [
    {file = "attrs-21.4.0-py2.py3-none-any.whl", hash = "sha256:2d27e3784d7a565d36ab851fe94887c5eccd6a463168875832a1be79c82828b4"},
    {file = "attrs-21.4.0.tar.gz", hash = "sha256:626ba8234211db98e869df76230a137c4c40a12d72445c45d5f5b716f076e2fd"},
]
colorama = [
    {file = "colorama-0.4.5-py2.py3-none-any.whl", hash = "sha256:854bf444933e37f5824ae7bfc1e98d5bce2ebe4160d46b5edf346a89358e99da"},
    {file = "colorama-0.4.5.tar.gz", hash = "sha256:e6c6b4334fc50988a639d9b98aa429a0b57da6e17b9a44f0451f930b6967b7a4"},
]
cython = [
    {file = "Cython-0.29.30-cp27-cp27m-manylinux_2_5_i686.manylinux1_i686.whl", hash = "sha256:e5cb144728a335d7a7fd0a61dff6abb7a9aeff9acd46d50b886b7d9a95bb7311"},
    {file = "Cython-0.29.30-cp27-cp27m-manylinux_2_5_x86_64.manylinux1_x86_64.whl", hash = "sha256:d52d5733dcb144deca8985f0a197c19cf71e6bd6bd9d8034f3f67b2dea68d12b"},
    {file = "Cython-0.29.30-cp27-cp27mu-manylinux_2_5_i686.manylinux1_i686.whl", hash = "sha256:0cd6c932e945af15ae4ddcf8fdc0532bda48784c92ed0a53cf4fae897067ccd1"},
    {file = "Cython-0.29.30-cp27-cp27mu-manylinux_2_5_x86_64.manylinux1_x86_64.whl", hash = "sha256:a30092c6e2d24255fbfe0525f9a750554f96a263ed986d12ac3c9f7d9a85a424"},
    {file = "Cython-0.29.30-cp310-cp310-manylinux_2_17_aarch64.manylinux2014_aarch64.manylinux_2_24_aarch64.whl", hash = "sha256:abcaf99f90cddc0f53600613eaafc81d27c4ac0671f0df8bce5466d4e86d54a1"},
    {file = "Cython-0.29.30-cp310-cp310-manylinux_2_17_x86_64.manylinux2014_x86_64.manylinux_2_24_x86_64.whl", hash = "sha256:9826981308802c61a76f967875b31b7c683b7fc369eabaa6cbc22efeb12c90e8"},
    {file = "Cython-0.29.30-cp310-cp310-manylinux_2_5_i686.manylinux1_i686.manylinux_2_24_i686.whl", hash = "sha256:d166d9f853db436f5e10733a9bd615699ddb4238feadcbdf5ae50dc0b18b18f5"},
    {file = "Cython-0.29.30-cp310-cp310-musllinux_1_1_x86_64.whl", hash = "sha256:0b83a342a071c4f14e7410568e0c0bd95e2f20c0b32944e3a721649a1357fda4"},
    {file = "Cython-0.29.30-cp311-cp311-manylinux_2_17_aarch64.manylinux2014_aarch64.manylinux_2_24_aarch64.whl", hash = "sha256:ffa8c09617833ff0824aa7926fa4fa9d2ec3929c67168e89105f276b7f36a63e"},
    {file = "Cython-0.29.30-cp311-cp311-manylinux_2_17_x86_64.manylinux2014_x86_64.manylinux_2_24_x86_64.whl", hash = "sha256:6b389a94b42909ff56d3491fde7c44802053a103701a7d210dcdd449a5b4f7b4"},
    {file = "Cython-0.29.30-cp311-cp311-manylinux_2_5_i686.manylinux1_i686.manylinux_2_24_i686.whl", hash = "sha256:7eff71c39b98078deaad1d1bdbf10864d234e2ab5d5257e980a6926a8523f697"},
    {file = "Cython-0.29.30-cp311-cp311-musllinux_1_1_x86_64.whl", hash = "sha256:8e08f18d249b9b65e272a5a60f3360a8922c4c149036b98fc821fe1afad5bdae"},
    {file = "Cython-0.29.30-cp35-cp35m-manylinux_2_5_i686.manylinux1_i686.whl", hash = "sha256:3993aafd68a7311ef94e00e44a137f6a50a69af0575ebcc8a0a074ad4152a2b2"},
    {file = "Cython-0.29.30-cp35-cp35m-manylinux_2_5_x86_64.manylinux1_x86_64.whl", hash = "sha256:5c7cfd908efc77306ddd41ef07f5a7a352c9205ced5c1e00a0e5ece4391707c4"},
    {file = "Cython-0.29.30-cp36-cp36m-manylinux_2_17_aarch64.manylinux2014_aarch64.manylinux_2_24_aarch64.whl", hash = "sha256:e605635a92ae862cb46d84d1d6883324518f9aaff4a71cede6d61df20b6a410c"},
    {file = "Cython-0.29.30-cp36-cp36m-manylinux_2_17_x86_64.manylinux2014_x86_64.manylinux_2_24_x86_64.whl", hash = "sha256:786ee7b0cdb508b6de64c0f1f9c74f207186dfafad1ef938f25b7494cc481a80"},
    {file = "Cython-0.29.30-cp36-cp36m-manylinux_2_5_i686.manylinux1_i686.manylinux_2_24_i686.whl", hash = "sha256:1e078943bbde703ca08d43e719480eb8b187d9023cbd91798619f5b5e18d0d71"},
    {file = "Cython-0.29.30-cp36-cp36m-manylinux_2_5_i686.manylinux1_i686.whl", hash = "sha256:5183356c756b56c2df12d96300d602e47ffb89943c5a0bded66faca5d3da7be0"},
    {file = "Cython-0.29.30-cp36-cp36m-manylinux_2_5_x86_64.manylinux1_x86_64.whl", hash = "sha256:e36755e71fd20eceb410cc441b7f2586654c2edb013f4663842fdaf60b96c1ca"},
    {file = "Cython-0.29.30-cp36-cp36m-musllinux_1_1_x86_64.whl", hash = "sha256:e29d3487f357108b711f2f29319811d92166643d29aec1b8e063aad46a346775"},
    {file = "Cython-0.29.30-cp37-cp37m-manylinux_2_17_aarch64.manylinux2014_aarch64.manylinux_2_24_aarch64.whl", hash = "sha256:5a8a3709ad9343a1dc02b8ec9cf6bb284be248d2c64af85464d9c3525eec74a5"},
    {file = "Cython-0.29.30-cp37-cp37m-manylinux_2_17_x86_64.manylinux2014_x86_64.manylinux_2_24_x86_64.whl", hash = "sha256:b17639b6a155abaa61a89f6f1323fb57b138d0529911ca03978d594945d062ba"},
    {file = "Cython-0.29.30-cp37-cp37m-manylinux_2_5_i686.manylinux1_i686.manylinux_2_24_i686.whl", hash = "sha256:9462e9cf284d9b1d2c5b53d62188e3c09cc5c7a0018ba349d99b73cf930238de"},
    {file = "Cython-0.29.30-cp37-cp37m-manylinux_2_5_i686.manylinux1_i686.whl", hash = "sha256:58d2b734250c1093bc69c1c3a6f5736493b9f8b34eb765f0a28a4a09468c0b00"},
    {file = "Cython-0.29.30-cp37-cp37m-manylinux_2_5_x86_64.manylinux1_x86_64.whl", hash = "sha256:28db751e2d8365b39664d9cb62dc1668688b8fcc5b954e9ca9d20e0b8e03d8b0"},
    {file = "Cython-0.29.30-cp37-cp37m-musllinux_1_1_x86_64.whl", hash = "sha256:5f2dae7dd56860018d5fd5032a71f11fdc224020932b463d0511a1536f27df85"},
    {file = "Cython-0.29.30-cp38-cp38-manylinux_2_17_aarch64.manylinux2014_aarch64.manylinux_2_24_aarch64.whl", hash = "sha256:d0859a958e0155b6ae4dee04170ccfac2c3d613a7e3bee8749614530b9e3b4a4"},
    {file = "Cython-0.29.30-cp38-cp38-manylinux_2_17_x86_64.manylinux2014_x86_64.manylinux_2_24_x86_64.whl", hash = "sha256:d0f34b44078e3e0b2f1be2b99044619b37127128e7d55c54bbd2438adcaf31d3"},
    {file = "Cython-0.29.30-cp38-cp38-manylinux_2_5_i686.manylinux1_i686.manylinux_2_24_i686.whl", hash = "sha256:80a7255ad84620f53235c0720cdee2bc7431d9e3db7b3742823a606c329eb539"},
    {file = "Cython-0.29.30-cp38-cp38-manylinux_2_5_i686.manylinux1_i686.whl", hash = "sha256:3d0239c7a22a0f3fb1deec75cab0078eba4dd17868aa992a54a178851e0c8684"},
    {file = "Cython-0.29.30-cp38-cp38-manylinux_2_5_x86_64.manylinux1_x86_64.whl", hash = "sha256:c299c5b250ae9f81c38200441b6f1d023aeee9d8e7f61c04001c7437181ccb06"},
    {file = "Cython-0.29.30-cp38-cp38-musllinux_1_1_x86_64.whl", hash = "sha256:019d330ac580b2ca4a457c464ac0b8c35009d820ef5d09f328d6e31a10e1ce89"},
    {file = "Cython-0.29.30-cp39-cp39-manylinux_2_17_aarch64.manylinux2014_aarch64.manylinux_2_24_aarch64.whl", hash = "sha256:71fd1d910aced510c001936667fc7f2901c49b2ca7a2ad67358979c94a7f42ac"},
    {file = "Cython-0.29.30-cp39-cp39-manylinux_2_17_x86_64.manylinux2014_x86_64.manylinux_2_24_x86_64.whl", hash = "sha256:60d370c33d56077d30e5f425026e58c2559e93b4784106f61581cf54071f6270"},
    {file = "Cython-0.29.30-cp39-cp39-manylinux_2_5_i686.manylinux1_i686.manylinux_2_24_i686.whl", hash = "sha256:20778297c8bcba201ca122a2f792a9899d6e64c68a92363dd7eb24306d54d7ce"},
    {file = "Cython-0.29.30-cp39-cp39-manylinux_2_5_i686.manylinux1_i686.whl", hash = "sha256:9f1fe924c920b699af27aefebd722df4cfbb85206291623cd37d1a7ddfd57792"},
    {file = "Cython-0.29.30-cp39-cp39-manylinux_2_5_x86_64.manylinux1_x86_64.whl", hash = "sha256:c79685dd4631a188e2385dc6a232896c7b67ea2e3e5f8b5555b4b743f475d6d7"},
    {file = "Cython-0.29.30-cp39-cp39-musllinux_1_1_x86_64.whl", hash = "sha256:88c5e2f92f16cd999ddfc43d572639679e8a057587088e627e98118e46a803e6"},
    {file = "Cython-0.29.30-py2.py3-none-any.whl", hash = "sha256:acb72e0b42079862cf2f894964b41f261e941e75677e902c5f4304b3eb00af33"},
    {file = "Cython-0.29.30.tar.gz", hash = "sha256:2235b62da8fe6fa8b99422c8e583f2fb95e143867d337b5c75e4b9a1a865f9e3"},
]
iniconfig = [
    {file = "iniconfig-1.1.1-py2.py3-none-any.whl", hash = "sha256:011e24c64b7f47f6ebd835bb12a743f2fbe9a26d4cecaa7f53bc4f35ee9da8b3"},
    {file = "iniconfig-1.1.1.tar.gz", hash = "sha256:bc3af051d7d14b2ee5ef9969666def0cd1a000e121eaea580d4a313df4b37f32"},
]
numpy = [
    {file = "numpy-1.23.1-cp310-cp310-macosx_10_9_x86_64.whl", hash = "sha256:b15c3f1ed08df4980e02cc79ee058b788a3d0bef2fb3c9ca90bb8cbd5b8a3a04"},
    {file = "numpy-1.23.1-cp310-cp310-macosx_11_0_arm64.whl", hash = "sha256:9ce242162015b7e88092dccd0e854548c0926b75c7924a3495e02c6067aba1f5"},
    {file = "numpy-1.23.1-cp310-cp310-manylinux_2_17_aarch64.manylinux2014_aarch64.whl", hash = "sha256:e0d7447679ae9a7124385ccf0ea990bb85bb869cef217e2ea6c844b6a6855073"},
    {file = "numpy-1.23.1-cp310-cp310-manylinux_2_17_x86_64.manylinux2014_x86_64.whl", hash = "sha256:3119daed207e9410eaf57dcf9591fdc68045f60483d94956bee0bfdcba790953"},
    {file = "numpy-1.23.1-cp310-cp310-win32.whl", hash = "sha256:3ab67966c8d45d55a2bdf40701536af6443763907086c0a6d1232688e27e5447"},
    {file = "numpy-1.23.1-cp310-cp310-win_amd64.whl", hash = "sha256:1865fdf51446839ca3fffaab172461f2b781163f6f395f1aed256b1ddc253622"},
    {file = "numpy-1.23.1-cp38-cp38-macosx_10_9_x86_64.whl", hash = "sha256:aeba539285dcf0a1ba755945865ec61240ede5432df41d6e29fab305f4384db2"},
    {file = "numpy-1.23.1-cp38-cp38-macosx_11_0_arm64.whl", hash = "sha256:7e8229f3687cdadba2c4faef39204feb51ef7c1a9b669247d49a24f3e2e1617c"},
    {file = "numpy-1.23.1-cp38-cp38-manylinux_2_17_aarch64.manylinux2014_aarch64.whl", hash = "sha256:68b69f52e6545af010b76516f5daaef6173e73353e3295c5cb9f96c35d755641"},
    {file = "numpy-1.23.1-cp38-cp38-manylinux_2_17_x86_64.manylinux2014_x86_64.whl", hash = "sha256:1408c3527a74a0209c781ac82bde2182b0f0bf54dea6e6a363fe0cc4488a7ce7"},
    {file = "numpy-1.23.1-cp38-cp38-win32.whl", hash = "sha256:47f10ab202fe4d8495ff484b5561c65dd59177949ca07975663f4494f7269e3e"},
    {file = "numpy-1.23.1-cp38-cp38-win_amd64.whl", hash = "sha256:37e5ebebb0eb54c5b4a9b04e6f3018e16b8ef257d26c8945925ba8105008e645"},
    {file = "numpy-1.23.1-cp39-cp39-macosx_10_9_x86_64.whl", hash = "sha256:173f28921b15d341afadf6c3898a34f20a0569e4ad5435297ba262ee8941e77b"},
    {file = "numpy-1.23.1-cp39-cp39-macosx_11_0_arm64.whl", hash = "sha256:876f60de09734fbcb4e27a97c9a286b51284df1326b1ac5f1bf0ad3678236b22"},
    {file = "numpy-1.23.1-cp39-cp39-manylinux_2_17_aarch64.manylinux2014_aarch64.whl", hash = "sha256:35590b9c33c0f1c9732b3231bb6a72d1e4f77872390c47d50a615686ae7ed3fd"},
    {file = "numpy-1.23.1-cp39-cp39-manylinux_2_17_x86_64.manylinux2014_x86_64.whl", hash = "sha256:a35c4e64dfca659fe4d0f1421fc0f05b8ed1ca8c46fb73d9e5a7f175f85696bb"},
    {file = "numpy-1.23.1-cp39-cp39-win32.whl", hash = "sha256:c2f91f88230042a130ceb1b496932aa717dcbd665350beb821534c5c7e15881c"},
    {file = "numpy-1.23.1-cp39-cp39-win_amd64.whl", hash = "sha256:37ece2bd095e9781a7156852e43d18044fd0d742934833335599c583618181b9"},
    {file = "numpy-1.23.1-pp38-pypy38_pp73-macosx_10_9_x86_64.whl", hash = "sha256:8002574a6b46ac3b5739a003b5233376aeac5163e5dcd43dd7ad062f3e186129"},
    {file = "numpy-1.23.1-pp38-pypy38_pp73-manylinux_2_17_x86_64.manylinux2014_x86_64.whl", hash = "sha256:5d732d17b8a9061540a10fda5bfeabca5785700ab5469a5e9b93aca5e2d3a5fb"},
    {file = "numpy-1.23.1-pp38-pypy38_pp73-win_amd64.whl", hash = "sha256:55df0f7483b822855af67e38fb3a526e787adf189383b4934305565d71c4b148"},
    {file = "numpy-1.23.1.tar.gz", hash = "sha256:d748ef349bfef2e1194b59da37ed5a29c19ea8d7e6342019921ba2ba4fd8b624"},
]
packaging = [
    {file = "packaging-21.3-py3-none-any.whl", hash = "sha256:ef103e05f519cdc783ae24ea4e2e0f508a9c99b2d4969652eed6a2e1ea5bd522"},
    {file = "packaging-21.3.tar.gz", hash = "sha256:dd47c42927d89ab911e606518907cc2d3a1f38bbd026385970643f9c5b8ecfeb"},
]
pluggy = [
    {file = "pluggy-1.0.0-py2.py3-none-any.whl", hash = "sha256:74134bbf457f031a36d68416e1509f34bd5ccc019f0bcc952c7b909d06b37bd3"},
    {file = "pluggy-1.0.0.tar.gz", hash = "sha256:4224373bacce55f955a878bf9cfa763c1e360858e330072059e10bad68531159"},
]
py = [
    {file = "py-1.11.0-py2.py3-none-any.whl", hash = "sha256:607c53218732647dff4acdfcd50cb62615cedf612e72d1724fb1a0cc6405b378"},
    {file = "py-1.11.0.tar.gz", hash = "sha256:51c75c4126074b472f746a24399ad32f6053d1b34b68d2fa41e558e6f4a98719"},
]
pyparsing = [
    {file = "pyparsing-3.0.9-py3-none-any.whl", hash = "sha256:5026bae9a10eeaefb61dab2f09052b9f4307d44aee4eda64b309723d8d206bbc"},
    {file = "pyparsing-3.0.9.tar.gz", hash = "sha256:2b020ecf7d21b687f219b71ecad3631f644a47f01403fa1d1036b0c6416d70fb"},
]
pytest = [
    {file = "pytest-7.1.2-py3-none-any.whl", hash = "sha256:13d0e3ccfc2b6e26be000cb6568c832ba67ba32e719443bfe725814d3c42433c"},
    {file = "pytest-7.1.2.tar.gz", hash = "sha256:a06a0425453864a270bc45e71f783330a7428defb4230fb5e6a731fde06ecd45"},
]
tomli = [
    {file = "tomli-2.0.1-py3-none-any.whl", hash = "sha256:939de3e7a6161af0c887ef91b7d41a53e7c5a1ca976325f429cb46ea9bc30ecc"},
    {file = "tomli-2.0.1.tar.gz", hash = "sha256:de526c12914f0c550d15924c62d72abc48d6fe7364aa87328337a31007fe8a4f"},
]
